
Microsoft Visual Studio Solution File, Format Version 9.00
# Visual Studio 2005
Project("{FAE04EC0-301F-11D3-BF4B-00C04F79EFBC}") = "SpaceRpgServer", "SpaceRpgServer\SpaceRpgServer.csproj", "{1E65A18E-E129-4E2C-8AA5-9A9E472A0EEB}"
EndProject
Global
	GlobalSection(SolutionConfigurationPlatforms) = preSolution
		Debug|Any CPU = Debug|Any CPU
		Release|Any CPU = Release|Any CPU
	EndGlobalSection
	GlobalSection(ProjectConfigurationPlatforms) = postSolution
		{1E65A18E-E129-4E2C-8AA5-9A9E472A0EEB}.Debug|Any CPU.ActiveCfg = Debug|Any CPU
		{1E65A18E-E129-4E2C-8AA5-9A9E472A0EEB}.Debug|Any CPU.Build.0 = Debug|Any CPU
		{1E65A18E-E129-4E2C-8AA5-9A9E472A0EEB}.Release|Any CPU.ActiveCfg = Release|Any CPU
		{1E65A18E-E129-4E2C-8AA5-9A9E472A0EEB}.Release|Any CPU.Build.0 = Release|Any CPU
	EndGlobalSection
	GlobalSection(SolutionProperties) = preSolution
		HideSolutionNode = FALSE
	EndGlobalSection
EndGlobal
